// !$*UTF8*$!
{
	archiveVersion = 1;
	classes = {
	};
	objectVersion = 54;
	objects = {

/* Begin PBXBuildFile section */
		4D1F3D6872FB46F2EC667CEA /* Pods_News_MVVM_RxSwift.framework in Frameworks */ = {isa = PBXBuildFile; fileRef = E6E1CEC64AD7B75CD496077F /* Pods_News_MVVM_RxSwift.framework */; };
		99059C8F276320FD0044957C /* AppDelegate.swift in Sources */ = {isa = PBXBuildFile; fileRef = 99059C8E276320FD0044957C /* AppDelegate.swift */; };
		99059C91276320FD0044957C /* SceneDelegate.swift in Sources */ = {isa = PBXBuildFile; fileRef = 99059C90276320FD0044957C /* SceneDelegate.swift */; };
		99059C96276320FD0044957C /* Main.storyboard in Resources */ = {isa = PBXBuildFile; fileRef = 99059C94276320FD0044957C /* Main.storyboard */; };
		99059C98276321040044957C /* Assets.xcassets in Resources */ = {isa = PBXBuildFile; fileRef = 99059C97276321040044957C /* Assets.xcassets */; };
		99059C9B276321040044957C /* LaunchScreen.storyboard in Resources */ = {isa = PBXBuildFile; fileRef = 99059C99276321040044957C /* LaunchScreen.storyboard */; };
		99059CA3276329510044957C /* NewsTableViewController.swift in Sources */ = {isa = PBXBuildFile; fileRef = 99059CA2276329510044957C /* NewsTableViewController.swift */; };
		99059CA727632B640044957C /* Article.swift in Sources */ = {isa = PBXBuildFile; fileRef = 99059CA627632B640044957C /* Article.swift */; };
		99059CAA27638DBC0044957C /* URLRequest+Extensions.swift in Sources */ = {isa = PBXBuildFile; fileRef = 99059CA927638DBC0044957C /* URLRequest+Extensions.swift */; };
		99059CAD2763A9650044957C /* ArticleViewModel.swift in Sources */ = {isa = PBXBuildFile; fileRef = 99059CAC2763A9650044957C /* ArticleViewModel.swift */; };
		99059CB42763AFDB0044957C /* ArticleTableViewCell.swift in Sources */ = {isa = PBXBuildFile; fileRef = 99059CB22763AFDB0044957C /* ArticleTableViewCell.swift */; };
		9956114E2763B7940054E753 /* ArticleTableViewCell.xib in Resources */ = {isa = PBXBuildFile; fileRef = 9956114D2763B7940054E753 /* ArticleTableViewCell.xib */; };
/* End PBXBuildFile section */

/* Begin PBXFileReference section */
		81FB79C4D9616675E12B5551 /* Pods-News-MVVM-RxSwift.debug.xcconfig */ = {isa = PBXFileReference; includeInIndex = 1; lastKnownFileType = text.xcconfig; name = "Pods-News-MVVM-RxSwift.debug.xcconfig"; path = "Target Support Files/Pods-News-MVVM-RxSwift/Pods-News-MVVM-RxSwift.debug.xcconfig"; sourceTree = "<group>"; };
		99059C8B276320FD0044957C /* News-MVVM-RxSwift.app */ = {isa = PBXFileReference; explicitFileType = wrapper.application; includeInIndex = 0; path = "News-MVVM-RxSwift.app"; sourceTree = BUILT_PRODUCTS_DIR; };
		99059C8E276320FD0044957C /* AppDelegate.swift */ = {isa = PBXFileReference; lastKnownFileType = sourcecode.swift; path = AppDelegate.swift; sourceTree = "<group>"; };
		99059C90276320FD0044957C /* SceneDelegate.swift */ = {isa = PBXFileReference; lastKnownFileType = sourcecode.swift; path = SceneDelegate.swift; sourceTree = "<group>"; };
		99059C95276320FD0044957C /* Base */ = {isa = PBXFileReference; lastKnownFileType = file.storyboard; name = Base; path = Base.lproj/Main.storyboard; sourceTree = "<group>"; };
		99059C97276321040044957C /* Assets.xcassets */ = {isa = PBXFileReference; lastKnownFileType = folder.assetcatalog; path = Assets.xcassets; sourceTree = "<group>"; };
		99059C9A276321040044957C /* Base */ = {isa = PBXFileReference; lastKnownFileType = file.storyboard; name = Base; path = Base.lproj/LaunchScreen.storyboard; sourceTree = "<group>"; };
		99059C9C276321040044957C /* Info.plist */ = {isa = PBXFileReference; lastKnownFileType = text.plist.xml; path = Info.plist; sourceTree = "<group>"; };
		99059CA2276329510044957C /* NewsTableViewController.swift */ = {isa = PBXFileReference; lastKnownFileType = sourcecode.swift; path = NewsTableViewController.swift; sourceTree = "<group>"; };
		99059CA627632B640044957C /* Article.swift */ = {isa = PBXFileReference; lastKnownFileType = sourcecode.swift; path = Article.swift; sourceTree = "<group>"; };
		99059CA927638DBC0044957C /* URLRequest+Extensions.swift */ = {isa = PBXFileReference; lastKnownFileType = sourcecode.swift; path = "URLRequest+Extensions.swift"; sourceTree = "<group>"; };
		99059CAC2763A9650044957C /* ArticleViewModel.swift */ = {isa = PBXFileReference; lastKnownFileType = sourcecode.swift; path = ArticleViewModel.swift; sourceTree = "<group>"; };
		99059CB22763AFDB0044957C /* ArticleTableViewCell.swift */ = {isa = PBXFileReference; lastKnownFileType = sourcecode.swift; path = ArticleTableViewCell.swift; sourceTree = "<group>"; };
		9956114D2763B7940054E753 /* ArticleTableViewCell.xib */ = {isa = PBXFileReference; fileEncoding = 4; lastKnownFileType = file.xib; path = ArticleTableViewCell.xib; sourceTree = "<group>"; };
		ABFF5A2E71D8015C08B88090 /* Pods-News-MVVM-RxSwift.release.xcconfig */ = {isa = PBXFileReference; includeInIndex = 1; lastKnownFileType = text.xcconfig; name = "Pods-News-MVVM-RxSwift.release.xcconfig"; path = "Target Support Files/Pods-News-MVVM-RxSwift/Pods-News-MVVM-RxSwift.release.xcconfig"; sourceTree = "<group>"; };
		E6E1CEC64AD7B75CD496077F /* Pods_News_MVVM_RxSwift.framework */ = {isa = PBXFileReference; explicitFileType = wrapper.framework; includeInIndex = 0; path = Pods_News_MVVM_RxSwift.framework; sourceTree = BUILT_PRODUCTS_DIR; };
/* End PBXFileReference section */

/* Begin PBXFrameworksBuildPhase section */
		99059C88276320FD0044957C /* Frameworks */ = {
			isa = PBXFrameworksBuildPhase;
			buildActionMask = 2147483647;
			files = (
				4D1F3D6872FB46F2EC667CEA /* Pods_News_MVVM_RxSwift.framework in Frameworks */,
			);
			runOnlyForDeploymentPostprocessing = 0;
		};
/* End PBXFrameworksBuildPhase section */

/* Begin PBXGroup section */
		47D0E6DD00632901001A87DE /* Frameworks */ = {
			isa = PBXGroup;
			children = (
				E6E1CEC64AD7B75CD496077F /* Pods_News_MVVM_RxSwift.framework */,
			);
			name = Frameworks;
			sourceTree = "<group>";
		};
		99059C82276320FD0044957C = {
			isa = PBXGroup;
			children = (
				99059C8D276320FD0044957C /* News-MVVM-RxSwift */,
				99059C8C276320FD0044957C /* Products */,
				D64C2A8E54DA2C14EDFCA39C /* Pods */,
				47D0E6DD00632901001A87DE /* Frameworks */,
			);
			sourceTree = "<group>";
		};
		99059C8C276320FD0044957C /* Products */ = {
			isa = PBXGroup;
			children = (
				99059C8B276320FD0044957C /* News-MVVM-RxSwift.app */,
			);
			name = Products;
			sourceTree = "<group>";
		};
		99059C8D276320FD0044957C /* News-MVVM-RxSwift */ = {
			isa = PBXGroup;
			children = (
				99059CA827638DA60044957C /* Extensions */,
				99059CB62763B5C00044957C /* Views */,
				99059CAB2763A9420044957C /* ViewModels */,
				99059CA527632B3F0044957C /* Models */,
				99059C8E276320FD0044957C /* AppDelegate.swift */,
				99059C90276320FD0044957C /* SceneDelegate.swift */,
				99059C97276321040044957C /* Assets.xcassets */,
				99059C99276321040044957C /* LaunchScreen.storyboard */,
				99059C9C276321040044957C /* Info.plist */,
			);
			path = "News-MVVM-RxSwift";
			sourceTree = "<group>";
		};
		99059CA427632B300044957C /* Controllers */ = {
			isa = PBXGroup;
			children = (
				99059CA2276329510044957C /* NewsTableViewController.swift */,
			);
			path = Controllers;
			sourceTree = "<group>";
		};
		99059CA527632B3F0044957C /* Models */ = {
			isa = PBXGroup;
			children = (
				99059CA627632B640044957C /* Article.swift */,
			);
			path = Models;
			sourceTree = "<group>";
		};
		99059CA827638DA60044957C /* Extensions */ = {
			isa = PBXGroup;
			children = (
				99059CA927638DBC0044957C /* URLRequest+Extensions.swift */,
			);
			path = Extensions;
			sourceTree = "<group>";
		};
		99059CAB2763A9420044957C /* ViewModels */ = {
			isa = PBXGroup;
			children = (
				99059CAC2763A9650044957C /* ArticleViewModel.swift */,
			);
			path = ViewModels;
			sourceTree = "<group>";
		};
		99059CB62763B5C00044957C /* Views */ = {
			isa = PBXGroup;
			children = (
				99059CA427632B300044957C /* Controllers */,
				99059CB72763B7100044957C /* Cells */,
				99059C94276320FD0044957C /* Main.storyboard */,
			);
			path = Views;
			sourceTree = "<group>";
		};
		99059CB72763B7100044957C /* Cells */ = {
			isa = PBXGroup;
			children = (
				99059CB22763AFDB0044957C /* ArticleTableViewCell.swift */,
				9956114D2763B7940054E753 /* ArticleTableViewCell.xib */,
			);
			path = Cells;
			sourceTree = "<group>";
		};
		D64C2A8E54DA2C14EDFCA39C /* Pods */ = {
			isa = PBXGroup;
			children = (
				81FB79C4D9616675E12B5551 /* Pods-News-MVVM-RxSwift.debug.xcconfig */,
				ABFF5A2E71D8015C08B88090 /* Pods-News-MVVM-RxSwift.release.xcconfig */,
			);
			path = Pods;
			sourceTree = "<group>";
		};
/* End PBXGroup section */

/* Begin PBXNativeTarget section */
		99059C8A276320FD0044957C /* News-MVVM-RxSwift */ = {
			isa = PBXNativeTarget;
			buildConfigurationList = 99059C9F276321040044957C /* Build configuration list for PBXNativeTarget "News-MVVM-RxSwift" */;
			buildPhases = (
				3B637C0FC0D37A6FAFD02BE6 /* [CP] Check Pods Manifest.lock */,
				99059C87276320FD0044957C /* Sources */,
				99059C88276320FD0044957C /* Frameworks */,
				99059C89276320FD0044957C /* Resources */,
				EE011FE71C3AE6A468572D25 /* [CP] Embed Pods Frameworks */,
			);
			buildRules = (
			);
			dependencies = (
			);
			name = "News-MVVM-RxSwift";
			productName = "News-MVVM-RxSwift";
			productReference = 99059C8B276320FD0044957C /* News-MVVM-RxSwift.app */;
			productType = "com.apple.product-type.application";
		};
/* End PBXNativeTarget section */

/* Begin PBXProject section */
		99059C83276320FD0044957C /* Project object */ = {
			isa = PBXProject;
			attributes = {
				BuildIndependentTargetsInParallel = 1;
				LastSwiftUpdateCheck = 1310;
				LastUpgradeCheck = 1310;
				TargetAttributes = {
					99059C8A276320FD0044957C = {
						CreatedOnToolsVersion = 13.1;
					};
				};
			};
			buildConfigurationList = 99059C86276320FD0044957C /* Build configuration list for PBXProject "News-MVVM-RxSwift" */;
			compatibilityVersion = "Xcode 12.0";
			developmentRegion = en;
			hasScannedForEncodings = 0;
			knownRegions = (
				en,
				Base,
			);
			mainGroup = 99059C82276320FD0044957C;
			productRefGroup = 99059C8C276320FD0044957C /* Products */;
			projectDirPath = "";
			projectRoot = "";
			targets = (
				99059C8A276320FD0044957C /* News-MVVM-RxSwift */,
			);
		};
/* End PBXProject section */

/* Begin PBXResourcesBuildPhase section */
		99059C89276320FD0044957C /* Resources */ = {
			isa = PBXResourcesBuildPhase;
			buildActionMask = 2147483647;
			files = (
				9956114E2763B7940054E753 /* ArticleTableViewCell.xib in Resources */,
				99059C9B276321040044957C /* LaunchScreen.storyboard in Resources */,
				99059C98276321040044957C /* Assets.xcassets in Resources */,
				99059C96276320FD0044957C /* Main.storyboard in Resources */,
			);
			runOnlyForDeploymentPostprocessing = 0;
		};
/* End PBXResourcesBuildPhase section */

/* Begin PBXShellScriptBuildPhase section */
		3B637C0FC0D37A6FAFD02BE6 /* [CP] Check Pods Manifest.lock */ = {
			isa = PBXShellScriptBuildPhase;
			buildActionMask = 2147483647;
			files = (
			);
			inputFileListPaths = (
			);
			inputPaths = (
				"${PODS_PODFILE_DIR_PATH}/Podfile.lock",
				"${PODS_ROOT}/Manifest.lock",
			);
			name = "[CP] Check Pods Manifest.lock";
			outputFileListPaths = (
			);
			outputPaths = (
				"$(DERIVED_FILE_DIR)/Pods-News-MVVM-RxSwift-checkManifestLockResult.txt",
			);
			runOnlyForDeploymentPostprocessing = 0;
			shellPath = /bin/sh;
			shellScript = "diff \"${PODS_PODFILE_DIR_PATH}/Podfile.lock\" \"${PODS_ROOT}/Manifest.lock\" > /dev/null\nif [ $? != 0 ] ; then\n    # print error to STDERR\n    echo \"error: The sandbox is not in sync with the Podfile.lock. Run 'pod install' or update your CocoaPods installation.\" >&2\n    exit 1\nfi\n# This output is used by Xcode 'outputs' to avoid re-running this script phase.\necho \"SUCCESS\" > \"${SCRIPT_OUTPUT_FILE_0}\"\n";
			showEnvVarsInLog = 0;
		};
		EE011FE71C3AE6A468572D25 /* [CP] Embed Pods Frameworks */ = {
			isa = PBXShellScriptBuildPhase;
			buildActionMask = 2147483647;
			files = (
			);
			inputFileListPaths = (
				"${PODS_ROOT}/Target Support Files/Pods-News-MVVM-RxSwift/Pods-News-MVVM-RxSwift-frameworks-${CONFIGURATION}-input-files.xcfilelist",
			);
			name = "[CP] Embed Pods Frameworks";
			outputFileListPaths = (
				"${PODS_ROOT}/Target Support Files/Pods-News-MVVM-RxSwift/Pods-News-MVVM-RxSwift-frameworks-${CONFIGURATION}-output-files.xcfilelist",
			);
			runOnlyForDeploymentPostprocessing = 0;
			shellPath = /bin/sh;
			shellScript = "\"${PODS_ROOT}/Target Support Files/Pods-News-MVVM-RxSwift/Pods-News-MVVM-RxSwift-frameworks.sh\"\n";
			showEnvVarsInLog = 0;
		};
/* End PBXShellScriptBuildPhase section */

/* Begin PBXSourcesBuildPhase section */
		99059C87276320FD0044957C /* Sources */ = {
			isa = PBXSourcesBuildPhase;
			buildActionMask = 2147483647;
			files = (
				99059CA727632B640044957C /* Article.swift in Sources */,
				99059C8F276320FD0044957C /* AppDelegate.swift in Sources */,
				99059C91276320FD0044957C /* SceneDelegate.swift in Sources */,
				99059CAD2763A9650044957C /* ArticleViewModel.swift in Sources */,
				99059CAA27638DBC0044957C /* URLRequest+Extensions.swift in Sources */,
				99059CB42763AFDB0044957C /* ArticleTableViewCell.swift in Sources */,
				99059CA3276329510044957C /* NewsTableViewController.swift in Sources */,
			);
			runOnlyForDeploymentPostprocessing = 0;
		};
/* End PBXSourcesBuildPhase section */

/* Begin PBXVariantGroup section */
		99059C94276320FD0044957C /* Main.storyboard */ = {
			isa = PBXVariantGroup;
			children = (
				99059C95276320FD0044957C /* Base */,
			);
			name = Main.storyboard;
			sourceTree = "<group>";
		};
		99059C99276321040044957C /* LaunchScreen.storyboard */ = {
			isa = PBXVariantGroup;
			children = (
				99059C9A276321040044957C /* Base */,
			);
			name = LaunchScreen.storyboard;
			sourceTree = "<group>";
		};
/* End PBXVariantGroup section */

/* Begin XCBuildConfiguration section */
		99059C9D276321040044957C /* Debug */ = {
			isa = XCBuildConfiguration;
			buildSettings = {
				ALWAYS_SEARCH_USER_PATHS = NO;
				CLANG_ANALYZER_NONNULL = YES;
				CLANG_ANALYZER_NUMBER_OBJECT_CONVERSION = YES_AGGRESSIVE;
				CLANG_CXX_LANGUAGE_STANDARD = "gnu++17";
				CLANG_CXX_LIBRARY = "libc++";
				CLANG_ENABLE_MODULES = YES;
				CLANG_ENABLE_OBJC_ARC = YES;
				CLANG_ENABLE_OBJC_WEAK = YES;
				CLANG_WARN_BLOCK_CAPTURE_AUTORELEASING = YES;
				CLANG_WARN_BOOL_CONVERSION = YES;
				CLANG_WARN_COMMA = YES;
				CLANG_WARN_CONSTANT_CONVERSION = YES;
				CLANG_WARN_DEPRECATED_OBJC_IMPLEMENTATIONS = YES;
				CLANG_WARN_DIRECT_OBJC_ISA_USAGE = YES_ERROR;
				CLANG_WARN_DOCUMENTATION_COMMENTS = YES;
				CLANG_WARN_EMPTY_BODY = YES;
				CLANG_WARN_ENUM_CONVERSION = YES;
				CLANG_WARN_INFINITE_RECURSION = YES;
				CLANG_WARN_INT_CONVERSION = YES;
				CLANG_WARN_NON_LITERAL_NULL_CONVERSION = YES;
				CLANG_WARN_OBJC_IMPLICIT_RETAIN_SELF = YES;
				CLANG_WARN_OBJC_LITERAL_CONVERSION = YES;
				CLANG_WARN_OBJC_ROOT_CLASS = YES_ERROR;
				CLANG_WARN_QUOTED_INCLUDE_IN_FRAMEWORK_HEADER = YES;
				CLANG_WARN_RANGE_LOOP_ANALYSIS = YES;
				CLANG_WARN_STRICT_PROTOTYPES = YES;
				CLANG_WARN_SUSPICIOUS_MOVE = YES;
				CLANG_WARN_UNGUARDED_AVAILABILITY = YES_AGGRESSIVE;
				CLANG_WARN_UNREACHABLE_CODE = YES;
				CLANG_WARN__DUPLICATE_METHOD_MATCH = YES;
				COPY_PHASE_STRIP = NO;
				DEBUG_INFORMATION_FORMAT = dwarf;
				ENABLE_STRICT_OBJC_MSGSEND = YES;
				ENABLE_TESTABILITY = YES;
				GCC_C_LANGUAGE_STANDARD = gnu11;
				GCC_DYNAMIC_NO_PIC = NO;
				GCC_NO_COMMON_BLOCKS = YES;
				GCC_OPTIMIZATION_LEVEL = 0;
				GCC_PREPROCESSOR_DEFINITIONS = (
					"DEBUG=1",
					"$(inherited)",
				);
				GCC_WARN_64_TO_32_BIT_CONVERSION = YES;
				GCC_WARN_ABOUT_RETURN_TYPE = YES_ERROR;
				GCC_WARN_UNDECLARED_SELECTOR = YES;
				GCC_WARN_UNINITIALIZED_AUTOS = YES_AGGRESSIVE;
				GCC_WARN_UNUSED_FUNCTION = YES;
				GCC_WARN_UNUSED_VARIABLE = YES;
				IPHONEOS_DEPLOYMENT_TARGET = 15.0;
				MTL_ENABLE_DEBUG_INFO = INCLUDE_SOURCE;
				MTL_FAST_MATH = YES;
				ONLY_ACTIVE_ARCH = YES;
				SDKROOT = iphoneos;
				SWIFT_ACTIVE_COMPILATION_CONDITIONS = DEBUG;
				SWIFT_OPTIMIZATION_LEVEL = "-Onone";
			};
			name = Debug;
		};
		99059C9E276321040044957C /* Release */ = {
			isa = XCBuildConfiguration;
			buildSettings = {
				ALWAYS_SEARCH_USER_PATHS = NO;
				CLANG_ANALYZER_NONNULL = YES;
				CLANG_ANALYZER_NUMBER_OBJECT_CONVERSION = YES_AGGRESSIVE;
				CLANG_CXX_LANGUAGE_STANDARD = "gnu++17";
				CLANG_CXX_LIBRARY = "libc++";
				CLANG_ENABLE_MODULES = YES;
				CLANG_ENABLE_OBJC_ARC = YES;
				CLANG_ENABLE_OBJC_WEAK = YES;
				CLANG_WARN_BLOCK_CAPTURE_AUTORELEASING = YES;
				CLANG_WARN_BOOL_CONVERSION = YES;
				CLANG_WARN_COMMA = YES;
				CLANG_WARN_CONSTANT_CONVERSION = YES;
				CLANG_WARN_DEPRECATED_OBJC_IMPLEMENTATIONS = YES;
				CLANG_WARN_DIRECT_OBJC_ISA_USAGE = YES_ERROR;
				CLANG_WARN_DOCUMENTATION_COMMENTS = YES;
				CLANG_WARN_EMPTY_BODY = YES;
				CLANG_WARN_ENUM_CONVERSION = YES;
				CLANG_WARN_INFINITE_RECURSION = YES;
				CLANG_WARN_INT_CONVERSION = YES;
				CLANG_WARN_NON_LITERAL_NULL_CONVERSION = YES;
				CLANG_WARN_OBJC_IMPLICIT_RETAIN_SELF = YES;
				CLANG_WARN_OBJC_LITERAL_CONVERSION = YES;
				CLANG_WARN_OBJC_ROOT_CLASS = YES_ERROR;
				CLANG_WARN_QUOTED_INCLUDE_IN_FRAMEWORK_HEADER = YES;
				CLANG_WARN_RANGE_LOOP_ANALYSIS = YES;
				CLANG_WARN_STRICT_PROTOTYPES = YES;
				CLANG_WARN_SUSPICIOUS_MOVE = YES;
				CLANG_WARN_UNGUARDED_AVAILABILITY = YES_AGGRESSIVE;
				CLANG_WARN_UNREACHABLE_CODE = YES;
				CLANG_WARN__DUPLICATE_METHOD_MATCH = YES;
				COPY_PHASE_STRIP = NO;
				DEBUG_INFORMATION_FORMAT = "dwarf-with-dsym";
				ENABLE_NS_ASSERTIONS = NO;
				ENABLE_STRICT_OBJC_MSGSEND = YES;
				GCC_C_LANGUAGE_STANDARD = gnu11;
				GCC_NO_COMMON_BLOCKS = YES;
				GCC_WARN_64_TO_32_BIT_CONVERSION = YES;
				GCC_WARN_ABOUT_RETURN_TYPE = YES_ERROR;
				GCC_WARN_UNDECLARED_SELECTOR = YES;
				GCC_WARN_UNINITIALIZED_AUTOS = YES_AGGRESSIVE;
				GCC_WARN_UNUSED_FUNCTION = YES;
				GCC_WARN_UNUSED_VARIABLE = YES;
				IPHONEOS_DEPLOYMENT_TARGET = 15.0;
				MTL_ENABLE_DEBUG_INFO = NO;
				MTL_FAST_MATH = YES;
				SDKROOT = iphoneos;
				SWIFT_COMPILATION_MODE = wholemodule;
				SWIFT_OPTIMIZATION_LEVEL = "-O";
				VALIDATE_PRODUCT = YES;
			};
			name = Release;
		};
		99059CA0276321040044957C /* Debug */ = {
			isa = XCBuildConfiguration;
			baseConfigurationReference = 81FB79C4D9616675E12B5551 /* Pods-News-MVVM-RxSwift.debug.xcconfig */;
			buildSettings = {
				ASSETCATALOG_COMPILER_APPICON_NAME = AppIcon;
				ASSETCATALOG_COMPILER_GLOBAL_ACCENT_COLOR_NAME = AccentColor;
				CODE_SIGN_STYLE = Automatic;
				CURRENT_PROJECT_VERSION = 1;
				DEVELOPMENT_TEAM = 4KX39VZ9JG;
				GENERATE_INFOPLIST_FILE = YES;
				INFOPLIST_FILE = "News-MVVM-RxSwift/Info.plist";
				INFOPLIST_KEY_UIApplicationSupportsIndirectInputEvents = YES;
				INFOPLIST_KEY_UILaunchStoryboardName = LaunchScreen;
				INFOPLIST_KEY_UIMainStoryboardFile = Main;
				INFOPLIST_KEY_UISupportedInterfaceOrientations_iPad = "UIInterfaceOrientationPortrait UIInterfaceOrientationPortraitUpsideDown UIInterfaceOrientationLandscapeLeft UIInterfaceOrientationLandscapeRight";
				INFOPLIST_KEY_UISupportedInterfaceOrientations_iPhone = "UIInterfaceOrientationPortrait UIInterfaceOrientationLandscapeLeft UIInterfaceOrientationLandscapeRight";
				LD_RUNPATH_SEARCH_PATHS = (
					"$(inherited)",
					"@executable_path/Frameworks",
				);
				MARKETING_VERSION = 1.0;
				PRODUCT_BUNDLE_IDENTIFIER = "Toshiki-Yanagimoto.News-MVVM-RxSwift";
				PRODUCT_NAME = "$(TARGET_NAME)";
				SWIFT_EMIT_LOC_STRINGS = YES;
				SWIFT_VERSION = 5.0;
				TARGETED_DEVICE_FAMILY = "1,2";
			};
			name = Debug;
		};
		99059CA1276321040044957C /* Release */ = {
			isa = XCBuildConfiguration;
			baseConfigurationReference = ABFF5A2E71D8015C08B88090 /* Pods-News-MVVM-RxSwift.release.xcconfig */;
			buildSettings = {
				ASSETCATALOG_COMPILER_APPICON_NAME = AppIcon;
				ASSETCATALOG_COMPILER_GLOBAL_ACCENT_COLOR_NAME = AccentColor;
				CODE_SIGN_STYLE = Automatic;
				CURRENT_PROJECT_VERSION = 1;
				DEVELOPMENT_TEAM = 4KX39VZ9JG;
				GENERATE_INFOPLIST_FILE = YES;
				INFOPLIST_FILE = "News-MVVM-RxSwift/Info.plist";
				INFOPLIST_KEY_UIApplicationSupportsIndirectInputEvents = YES;
				INFOPLIST_KEY_UILaunchStoryboardName = LaunchScreen;
				INFOPLIST_KEY_UIMainStoryboardFile = Main;
				INFOPLIST_KEY_UISupportedInterfaceOrientations_iPad = "UIInterfaceOrientationPortrait UIInterfaceOrientationPortraitUpsideDown UIInterfaceOrientationLandscapeLeft UIInterfaceOrientationLandscapeRight";
				INFOPLIST_KEY_UISupportedInterfaceOrientations_iPhone = "UIInterfaceOrientationPortrait UIInterfaceOrientationLandscapeLeft UIInterfaceOrientationLandscapeRight";
				LD_RUNPATH_SEARCH_PATHS = (
					"$(inherited)",
					"@executable_path/Frameworks",
				);
				MARKETING_VERSION = 1.0;
				PRODUCT_BUNDLE_IDENTIFIER = "Toshiki-Yanagimoto.News-MVVM-RxSwift";
				PRODUCT_NAME = "$(TARGET_NAME)";
				SWIFT_EMIT_LOC_STRINGS = YES;
				SWIFT_VERSION = 5.0;
				TARGETED_DEVICE_FAMILY = "1,2";
			};
			name = Release;
		};
/* End XCBuildConfiguration section */

/* Begin XCConfigurationList section */
		99059C86276320FD0044957C /* Build configuration list for PBXProject "News-MVVM-RxSwift" */ = {
			isa = XCConfigurationList;
			buildConfigurations = (
				99059C9D276321040044957C /* Debug */,
				99059C9E276321040044957C /* Release */,
			);
			defaultConfigurationIsVisible = 0;
			defaultConfigurationName = Release;
		};
		99059C9F276321040044957C /* Build configuration list for PBXNativeTarget "News-MVVM-RxSwift" */ = {
			isa = XCConfigurationList;
			buildConfigurations = (
				99059CA0276321040044957C /* Debug */,
				99059CA1276321040044957C /* Release */,
			);
			defaultConfigurationIsVisible = 0;
			defaultConfigurationName = Release;
		};
/* End XCConfigurationList section */
	};
	rootObject = 99059C83276320FD0044957C /* Project object */;
}
